
Microsoft Visual Studio Solution File, Format Version 12.00
# Visual Studio Version 16
VisualStudioVersion = 16.0.29519.181
MinimumVisualStudioVersion = 10.0.40219.1
Project("{FAE04EC0-301F-11D3-BF4B-00C04F79EFBC}") = "Toptanci.CodeFirst", "Toptanci.CodeFirst\Toptanci.CodeFirst.csproj", "{04EC9D32-65AE-4B7A-98BD-0B329E4CFA24}"
EndProject
Project("{FAE04EC0-301F-11D3-BF4B-00C04F79EFBC}") = "BLL", "BLL\BLL.csproj", "{778C616C-C0EE-40DE-810B-436ACCD63D40}"
EndProject
Project("{FAE04EC0-301F-11D3-BF4B-00C04F79EFBC}") = "DAL", "DAL\DAL.csproj", "{FBE22678-2DAC-4E2F-86B3-7D5AB0FB012C}"
EndProject
Project("{FAE04EC0-301F-11D3-BF4B-00C04F79EFBC}") = "MODELS", "MODELS\MODELS.csproj", "{E5AA3713-1F0C-440B-88F5-DF86E5DD3001}"
EndProject
Global
	GlobalSection(SolutionConfigurationPlatforms) = preSolution
		Debug|Any CPU = Debug|Any CPU
		Release|Any CPU = Release|Any CPU
	EndGlobalSection
	GlobalSection(ProjectConfigurationPlatforms) = postSolution
		{04EC9D32-65AE-4B7A-98BD-0B329E4CFA24}.Debug|Any CPU.ActiveCfg = Debug|Any CPU
		{04EC9D32-65AE-4B7A-98BD-0B329E4CFA24}.Debug|Any CPU.Build.0 = Debug|Any CPU
		{04EC9D32-65AE-4B7A-98BD-0B329E4CFA24}.Release|Any CPU.ActiveCfg = Release|Any CPU
		{04EC9D32-65AE-4B7A-98BD-0B329E4CFA24}.Release|Any CPU.Build.0 = Release|Any CPU
		{778C616C-C0EE-40DE-810B-436ACCD63D40}.Debug|Any CPU.ActiveCfg = Debug|Any CPU
		{778C616C-C0EE-40DE-810B-436ACCD63D40}.Debug|Any CPU.Build.0 = Debug|Any CPU
		{778C616C-C0EE-40DE-810B-436ACCD63D40}.Release|Any CPU.ActiveCfg = Release|Any CPU
		{778C616C-C0EE-40DE-810B-436ACCD63D40}.Release|Any CPU.Build.0 = Release|Any CPU
		{FBE22678-2DAC-4E2F-86B3-7D5AB0FB012C}.Debug|Any CPU.ActiveCfg = Debug|Any CPU
		{FBE22678-2DAC-4E2F-86B3-7D5AB0FB012C}.Debug|Any CPU.Build.0 = Debug|Any CPU
		{FBE22678-2DAC-4E2F-86B3-7D5AB0FB012C}.Release|Any CPU.ActiveCfg = Release|Any CPU
		{FBE22678-2DAC-4E2F-86B3-7D5AB0FB012C}.Release|Any CPU.Build.0 = Release|Any CPU
		{E5AA3713-1F0C-440B-88F5-DF86E5DD3001}.Debug|Any CPU.ActiveCfg = Debug|Any CPU
		{E5AA3713-1F0C-440B-88F5-DF86E5DD3001}.Debug|Any CPU.Build.0 = Debug|Any CPU
		{E5AA3713-1F0C-440B-88F5-DF86E5DD3001}.Release|Any CPU.ActiveCfg = Release|Any CPU
		{E5AA3713-1F0C-440B-88F5-DF86E5DD3001}.Release|Any CPU.Build.0 = Release|Any CPU
	EndGlobalSection
	GlobalSection(SolutionProperties) = preSolution
		HideSolutionNode = FALSE
	EndGlobalSection
	GlobalSection(ExtensibilityGlobals) = postSolution
		SolutionGuid = {8D4FAA55-0359-4B6E-9AC2-56D55A6CE946}
	EndGlobalSection
EndGlobal
